
Microsoft Visual Studio Solution File, Format Version 12.00
# Visual Studio Version 17
VisualStudioVersion = 17.3.32929.385
MinimumVisualStudioVersion = 10.0.40219.1
Project("{FAE04EC0-301F-11D3-BF4B-00C04F79EFBC}") = "APICatalogo", "APICatalogo\APICatalogo.csproj", "{4289DC4E-1D6C-49D7-985D-6F7428788EC2}"
EndProject
Global
	GlobalSection(SolutionConfigurationPlatforms) = preSolution
		Debug|Any CPU = Debug|Any CPU
		Release|Any CPU = Release|Any CPU
	EndGlobalSection
	GlobalSection(ProjectConfigurationPlatforms) = postSolution
		{4289DC4E-1D6C-49D7-985D-6F7428788EC2}.Debug|Any CPU.ActiveCfg = Debug|Any CPU
		{4289DC4E-1D6C-49D7-985D-6F7428788EC2}.Debug|Any CPU.Build.0 = Debug|Any CPU
		{4289DC4E-1D6C-49D7-985D-6F7428788EC2}.Release|Any CPU.ActiveCfg = Release|Any CPU
		{4289DC4E-1D6C-49D7-985D-6F7428788EC2}.Release|Any CPU.Build.0 = Release|Any CPU
	EndGlobalSection
	GlobalSection(SolutionProperties) = preSolution
		HideSolutionNode = FALSE
	EndGlobalSection
	GlobalSection(ExtensibilityGlobals) = postSolution
		SolutionGuid = {AFD1CF78-55AB-4960-8DD4-10EC6F86214C}
	EndGlobalSection
EndGlobal
